{
  "name": "intelligent-tut-system",
  "lockfileVersion": 3,
  "requires": true,
  "packages": {
    "": {
      "dependencies": {
        "material-icons": "^1.13.14"
      }
    },
    "node_modules/material-icons": {
      "version": "1.13.14",
      "resolved": "https://registry.npmjs.org/material-icons/-/material-icons-1.13.14.tgz",
      "integrity": "sha512-kZOfc7xCC0rAT8Q3DQixYAeT+tBqZnxkseQtp2bxBxz7q5pMAC+wmit7vJn1g/l7wRU+HEPq23gER4iPjGs5Cg==",
      "license": "Apache-2.0"
    }
  }
}
